<?xml version="1.0" encoding="utf-8"?>
<Project ToolsVersion="4.0" xmlns="http://schemas.microsoft.com/developer/msbuild/2003">
  <ItemGroup>
    <Filter Include="Resource Files">
      <UniqueIdentifier>{67DA6AB6-F800-4c08-8B7A-83BB121AAD01}</UniqueIdentifier>
      <Extensions>rc;ico;cur;bmp;dlg;rc2;rct;bin;rgs;gif;jpg;jpeg;jpe;resx;tiff;tif;png;wav;mfcribbon-ms</Extensions>
    </Filter>
    <Filter Include="Renderer">
      <UniqueIdentifier>{a0fc85be-b21e-4833-a7e8-4ef011b0766d}</UniqueIdentifier>
    </Filter>
    <Filter Include="DX11Renderer">
      <UniqueIdentifier>{c6005818-76a3-4c44-95ef-4d65dc994d6d}</UniqueIdentifier>
    </Filter>
  </ItemGroup>
  <ItemGroup>
    <ClCompile Include="Renderer_Interface.cpp">
      <Filter>Renderer</Filter>
    </ClCompile>
    <ClCompile Include="Renderer_DX11.cpp">
      <Filter>DX11Renderer</Filter>
    </ClCompile>
    <ClCompile Include="DeviceHandler.cpp">
      <Filter>DX11Renderer</Filter>
    </ClCompile>
    <ClCompile Include="PipelineHandler.cpp">
      <Filter>DX11Renderer</Filter>
    </ClCompile>
    <ClCompile Include="PipelineAssigner.cpp">
      <Filter>DX11Renderer</Filter>
    </ClCompile>
    <ClCompile Include="UpdateObjects.cpp">
      <Filter>DX11Renderer</Filter>
    </ClCompile>
    <ClCompile Include="SecretPointer.cpp">
      <Filter>Renderer</Filter>
    </ClCompile>
  </ItemGroup>
  <ItemGroup>
    <ClInclude Include="..\Include\Graphics\Renderer_Interface.h">
      <Filter>Renderer</Filter>
    </ClInclude>
    <ClInclude Include="..\Include\DLLExport.h" />
    <ClInclude Include="Renderer_DX11.h">
      <Filter>DX11Renderer</Filter>
    </ClInclude>
    <ClInclude Include="DeviceHandler.h">
      <Filter>DX11Renderer</Filter>
    </ClInclude>
    <ClInclude Include="Safe_Release.h">
      <Filter>DX11Renderer</Filter>
    </ClInclude>
    <ClInclude Include="..\Include\Graphics\PipelineHandler_Interface.h">
      <Filter>Renderer</Filter>
    </ClInclude>
    <ClInclude Include="..\Include\Graphics\Pipeline.h">
      <Filter>Renderer</Filter>
    </ClInclude>
    <ClInclude Include="PipelineHandler.h">
      <Filter>DX11Renderer</Filter>
    </ClInclude>
    <ClInclude Include="PipelineAssigner.h">
      <Filter>DX11Renderer</Filter>
    </ClInclude>
    <ClInclude Include="..\Include\Graphics\RenderJob.h">
      <Filter>Renderer</Filter>
    </ClInclude>
    <ClInclude Include="PipelineObjects.h">
      <Filter>DX11Renderer</Filter>
    </ClInclude>
    <ClInclude Include="UpdateObjects.h">
      <Filter>DX11Renderer</Filter>
    </ClInclude>
    <ClInclude Include="..\Include\Graphics\UpdateJob.h">
      <Filter>Renderer</Filter>
    </ClInclude>
    <ClInclude Include="SecretPointer.h">
      <Filter>Renderer</Filter>
    </ClInclude>
  </ItemGroup>
</Project>